// !$*UTF8*$!
{
	archiveVersion = 1;
	classes = {
	};
	objectVersion = 55;
	objects = {

/* Begin PBXBuildFile section */
		03261840288249EE00B3FE88 /* AppDelegate.swift in Sources */ = {isa = PBXBuildFile; fileRef = 0326183F288249EE00B3FE88 /* AppDelegate.swift */; };
		03261842288249EE00B3FE88 /* SceneDelegate.swift in Sources */ = {isa = PBXBuildFile; fileRef = 03261841288249EE00B3FE88 /* SceneDelegate.swift */; };
		03261844288249EE00B3FE88 /* ViewController.swift in Sources */ = {isa = PBXBuildFile; fileRef = 03261843288249EE00B3FE88 /* ViewController.swift */; };
		03261847288249EE00B3FE88 /* Main.storyboard in Resources */ = {isa = PBXBuildFile; fileRef = 03261845288249EE00B3FE88 /* Main.storyboard */; };
		0326184A288249EE00B3FE88 /* Prework.xcdatamodeld in Sources */ = {isa = PBXBuildFile; fileRef = 03261848288249EE00B3FE88 /* Prework.xcdatamodeld */; };
		0326184C288249F000B3FE88 /* Assets.xcassets in Resources */ = {isa = PBXBuildFile; fileRef = 0326184B288249F000B3FE88 /* Assets.xcassets */; };
		0326184F288249F000B3FE88 /* LaunchScreen.storyboard in Resources */ = {isa = PBXBuildFile; fileRef = 0326184D288249F000B3FE88 /* LaunchScreen.storyboard */; };
		0326185A288249F000B3FE88 /* PreworkTests.swift in Sources */ = {isa = PBXBuildFile; fileRef = 03261859288249F000B3FE88 /* PreworkTests.swift */; };
		03261864288249F000B3FE88 /* PreworkUITests.swift in Sources */ = {isa = PBXBuildFile; fileRef = 03261863288249F000B3FE88 /* PreworkUITests.swift */; };
		03261866288249F000B3FE88 /* PreworkUITestsLaunchTests.swift in Sources */ = {isa = PBXBuildFile; fileRef = 03261865288249F000B3FE88 /* PreworkUITestsLaunchTests.swift */; };
		032618732882641700B3FE88 /* SettingsViewController.swift in Sources */ = {isa = PBXBuildFile; fileRef = 032618722882641700B3FE88 /* SettingsViewController.swift */; };
		03261877288344E900B3FE88 /* TipPercents.swift in Sources */ = {isa = PBXBuildFile; fileRef = 03261876288344E900B3FE88 /* TipPercents.swift */; };
/* End PBXBuildFile section */

/* Begin PBXContainerItemProxy section */
		03261856288249F000B3FE88 /* PBXContainerItemProxy */ = {
			isa = PBXContainerItemProxy;
			containerPortal = 03261834288249EE00B3FE88 /* Project object */;
			proxyType = 1;
			remoteGlobalIDString = 0326183B288249EE00B3FE88;
			remoteInfo = Prework;
		};
		03261860288249F000B3FE88 /* PBXContainerItemProxy */ = {
			isa = PBXContainerItemProxy;
			containerPortal = 03261834288249EE00B3FE88 /* Project object */;
			proxyType = 1;
			remoteGlobalIDString = 0326183B288249EE00B3FE88;
			remoteInfo = Prework;
		};
/* End PBXContainerItemProxy section */

/* Begin PBXFileReference section */
		0326183C288249EE00B3FE88 /* Prework.app */ = {isa = PBXFileReference; explicitFileType = wrapper.application; includeInIndex = 0; path = Prework.app; sourceTree = BUILT_PRODUCTS_DIR; };
		0326183F288249EE00B3FE88 /* AppDelegate.swift */ = {isa = PBXFileReference; lastKnownFileType = sourcecode.swift; path = AppDelegate.swift; sourceTree = "<group>"; };
		03261841288249EE00B3FE88 /* SceneDelegate.swift */ = {isa = PBXFileReference; lastKnownFileType = sourcecode.swift; path = SceneDelegate.swift; sourceTree = "<group>"; };
		03261843288249EE00B3FE88 /* ViewController.swift */ = {isa = PBXFileReference; lastKnownFileType = sourcecode.swift; path = ViewController.swift; sourceTree = "<group>"; };
		03261846288249EE00B3FE88 /* Base */ = {isa = PBXFileReference; lastKnownFileType = file.storyboard; name = Base; path = Base.lproj/Main.storyboard; sourceTree = "<group>"; };
		03261849288249EE00B3FE88 /* Prework.xcdatamodel */ = {isa = PBXFileReference; lastKnownFileType = wrapper.xcdatamodel; path = Prework.xcdatamodel; sourceTree = "<group>"; };
		0326184B288249F000B3FE88 /* Assets.xcassets */ = {isa = PBXFileReference; lastKnownFileType = folder.assetcatalog; path = Assets.xcassets; sourceTree = "<group>"; };
		0326184E288249F000B3FE88 /* Base */ = {isa = PBXFileReference; lastKnownFileType = file.storyboard; name = Base; path = Base.lproj/LaunchScreen.storyboard; sourceTree = "<group>"; };
		03261850288249F000B3FE88 /* Info.plist */ = {isa = PBXFileReference; lastKnownFileType = text.plist.xml; path = Info.plist; sourceTree = "<group>"; };
		03261855288249F000B3FE88 /* PreworkTests.xctest */ = {isa = PBXFileReference; explicitFileType = wrapper.cfbundle; includeInIndex = 0; path = PreworkTests.xctest; sourceTree = BUILT_PRODUCTS_DIR; };
		03261859288249F000B3FE88 /* PreworkTests.swift */ = {isa = PBXFileReference; lastKnownFileType = sourcecode.swift; path = PreworkTests.swift; sourceTree = "<group>"; };
		0326185F288249F000B3FE88 /* PreworkUITests.xctest */ = {isa = PBXFileReference; explicitFileType = wrapper.cfbundle; includeInIndex = 0; path = PreworkUITests.xctest; sourceTree = BUILT_PRODUCTS_DIR; };
		03261863288249F000B3FE88 /* PreworkUITests.swift */ = {isa = PBXFileReference; lastKnownFileType = sourcecode.swift; path = PreworkUITests.swift; sourceTree = "<group>"; };
		03261865288249F000B3FE88 /* PreworkUITestsLaunchTests.swift */ = {isa = PBXFileReference; lastKnownFileType = sourcecode.swift; path = PreworkUITestsLaunchTests.swift; sourceTree = "<group>"; };
		032618722882641700B3FE88 /* SettingsViewController.swift */ = {isa = PBXFileReference; lastKnownFileType = sourcecode.swift; path = SettingsViewController.swift; sourceTree = "<group>"; };
		03261876288344E900B3FE88 /* TipPercents.swift */ = {isa = PBXFileReference; lastKnownFileType = sourcecode.swift; path = TipPercents.swift; sourceTree = "<group>"; };
/* End PBXFileReference section */

/* Begin PBXFrameworksBuildPhase section */
		03261839288249EE00B3FE88 /* Frameworks */ = {
			isa = PBXFrameworksBuildPhase;
			buildActionMask = 2147483647;
			files = (
			);
			runOnlyForDeploymentPostprocessing = 0;
		};
		03261852288249F000B3FE88 /* Frameworks */ = {
			isa = PBXFrameworksBuildPhase;
			buildActionMask = 2147483647;
			files = (
			);
			runOnlyForDeploymentPostprocessing = 0;
		};
		0326185C288249F000B3FE88 /* Frameworks */ = {
			isa = PBXFrameworksBuildPhase;
			buildActionMask = 2147483647;
			files = (
			);
			runOnlyForDeploymentPostprocessing = 0;
		};
/* End PBXFrameworksBuildPhase section */

/* Begin PBXGroup section */
		03261833288249EE00B3FE88 = {
			isa = PBXGroup;
			children = (
				0326183E288249EE00B3FE88 /* Prework */,
				03261858288249F000B3FE88 /* PreworkTests */,
				03261862288249F000B3FE88 /* PreworkUITests */,
				0326183D288249EE00B3FE88 /* Products */,
			);
			sourceTree = "<group>";
		};
		0326183D288249EE00B3FE88 /* Products */ = {
			isa = PBXGroup;
			children = (
				0326183C288249EE00B3FE88 /* Prework.app */,
				03261855288249F000B3FE88 /* PreworkTests.xctest */,
				0326185F288249F000B3FE88 /* PreworkUITests.xctest */,
			);
			name = Products;
			sourceTree = "<group>";
		};
		0326183E288249EE00B3FE88 /* Prework */ = {
			isa = PBXGroup;
			children = (
				0326183F288249EE00B3FE88 /* AppDelegate.swift */,
				03261841288249EE00B3FE88 /* SceneDelegate.swift */,
				03261843288249EE00B3FE88 /* ViewController.swift */,
				032618722882641700B3FE88 /* SettingsViewController.swift */,
				03261876288344E900B3FE88 /* TipPercents.swift */,
				03261845288249EE00B3FE88 /* Main.storyboard */,
				0326184B288249F000B3FE88 /* Assets.xcassets */,
				0326184D288249F000B3FE88 /* LaunchScreen.storyboard */,
				03261850288249F000B3FE88 /* Info.plist */,
				03261848288249EE00B3FE88 /* Prework.xcdatamodeld */,
			);
			path = Prework;
			sourceTree = "<group>";
		};
		03261858288249F000B3FE88 /* PreworkTests */ = {
			isa = PBXGroup;
			children = (
				03261859288249F000B3FE88 /* PreworkTests.swift */,
			);
			path = PreworkTests;
			sourceTree = "<group>";
		};
		03261862288249F000B3FE88 /* PreworkUITests */ = {
			isa = PBXGroup;
			children = (
				03261863288249F000B3FE88 /* PreworkUITests.swift */,
				03261865288249F000B3FE88 /* PreworkUITestsLaunchTests.swift */,
			);
			path = PreworkUITests;
			sourceTree = "<group>";
		};
/* End PBXGroup section */

/* Begin PBXNativeTarget section */
		0326183B288249EE00B3FE88 /* Prework */ = {
			isa = PBXNativeTarget;
			buildConfigurationList = 03261869288249F000B3FE88 /* Build configuration list for PBXNativeTarget "Prework" */;
			buildPhases = (
				03261838288249EE00B3FE88 /* Sources */,
				03261839288249EE00B3FE88 /* Frameworks */,
				0326183A288249EE00B3FE88 /* Resources */,
			);
			buildRules = (
			);
			dependencies = (
			);
			name = Prework;
			productName = Prework;
			productReference = 0326183C288249EE00B3FE88 /* Prework.app */;
			productType = "com.apple.product-type.application";
		};
		03261854288249F000B3FE88 /* PreworkTests */ = {
			isa = PBXNativeTarget;
			buildConfigurationList = 0326186C288249F000B3FE88 /* Build configuration list for PBXNativeTarget "PreworkTests" */;
			buildPhases = (
				03261851288249F000B3FE88 /* Sources */,
				03261852288249F000B3FE88 /* Frameworks */,
				03261853288249F000B3FE88 /* Resources */,
			);
			buildRules = (
			);
			dependencies = (
				03261857288249F000B3FE88 /* PBXTargetDependency */,
			);
			name = PreworkTests;
			productName = PreworkTests;
			productReference = 03261855288249F000B3FE88 /* PreworkTests.xctest */;
			productType = "com.apple.product-type.bundle.unit-test";
		};
		0326185E288249F000B3FE88 /* PreworkUITests */ = {
			isa = PBXNativeTarget;
			buildConfigurationList = 0326186F288249F000B3FE88 /* Build configuration list for PBXNativeTarget "PreworkUITests" */;
			buildPhases = (
				0326185B288249F000B3FE88 /* Sources */,
				0326185C288249F000B3FE88 /* Frameworks */,
				0326185D288249F000B3FE88 /* Resources */,
			);
			buildRules = (
			);
			dependencies = (
				03261861288249F000B3FE88 /* PBXTargetDependency */,
			);
			name = PreworkUITests;
			productName = PreworkUITests;
			productReference = 0326185F288249F000B3FE88 /* PreworkUITests.xctest */;
			productType = "com.apple.product-type.bundle.ui-testing";
		};
/* End PBXNativeTarget section */

/* Begin PBXProject section */
		03261834288249EE00B3FE88 /* Project object */ = {
			isa = PBXProject;
			attributes = {
				BuildIndependentTargetsInParallel = 1;
				LastSwiftUpdateCheck = 1330;
				LastUpgradeCheck = 1330;
				TargetAttributes = {
					0326183B288249EE00B3FE88 = {
						CreatedOnToolsVersion = 13.3;
					};
					03261854288249F000B3FE88 = {
						CreatedOnToolsVersion = 13.3;
						TestTargetID = 0326183B288249EE00B3FE88;
					};
					0326185E288249F000B3FE88 = {
						CreatedOnToolsVersion = 13.3;
						TestTargetID = 0326183B288249EE00B3FE88;
					};
				};
			};
			buildConfigurationList = 03261837288249EE00B3FE88 /* Build configuration list for PBXProject "Tip Calculator" */;
			compatibilityVersion = "Xcode 13.0";
			developmentRegion = en;
			hasScannedForEncodings = 0;
			knownRegions = (
				en,
				Base,
			);
			mainGroup = 03261833288249EE00B3FE88;
			productRefGroup = 0326183D288249EE00B3FE88 /* Products */;
			projectDirPath = "";
			projectRoot = "";
			targets = (
				0326183B288249EE00B3FE88 /* Prework */,
				03261854288249F000B3FE88 /* PreworkTests */,
				0326185E288249F000B3FE88 /* PreworkUITests */,
			);
		};
/* End PBXProject section */

/* Begin PBXResourcesBuildPhase section */
		0326183A288249EE00B3FE88 /* Resources */ = {
			isa = PBXResourcesBuildPhase;
			buildActionMask = 2147483647;
			files = (
				0326184F288249F000B3FE88 /* LaunchScreen.storyboard in Resources */,
				0326184C288249F000B3FE88 /* Assets.xcassets in Resources */,
				03261847288249EE00B3FE88 /* Main.storyboard in Resources */,
			);
			runOnlyForDeploymentPostprocessing = 0;
		};
		03261853288249F000B3FE88 /* Resources */ = {
			isa = PBXResourcesBuildPhase;
			buildActionMask = 2147483647;
			files = (
			);
			runOnlyForDeploymentPostprocessing = 0;
		};
		0326185D288249F000B3FE88 /* Resources */ = {
			isa = PBXResourcesBuildPhase;
			buildActionMask = 2147483647;
			files = (
			);
			runOnlyForDeploymentPostprocessing = 0;
		};
/* End PBXResourcesBuildPhase section */

/* Begin PBXSourcesBuildPhase section */
		03261838288249EE00B3FE88 /* Sources */ = {
			isa = PBXSourcesBuildPhase;
			buildActionMask = 2147483647;
			files = (
				03261844288249EE00B3FE88 /* ViewController.swift in Sources */,
				03261877288344E900B3FE88 /* TipPercents.swift in Sources */,
				03261840288249EE00B3FE88 /* AppDelegate.swift in Sources */,
				0326184A288249EE00B3FE88 /* Prework.xcdatamodeld in Sources */,
				032618732882641700B3FE88 /* SettingsViewController.swift in Sources */,
				03261842288249EE00B3FE88 /* SceneDelegate.swift in Sources */,
			);
			runOnlyForDeploymentPostprocessing = 0;
		};
		03261851288249F000B3FE88 /* Sources */ = {
			isa = PBXSourcesBuildPhase;
			buildActionMask = 2147483647;
			files = (
				0326185A288249F000B3FE88 /* PreworkTests.swift in Sources */,
			);
			runOnlyForDeploymentPostprocessing = 0;
		};
		0326185B288249F000B3FE88 /* Sources */ = {
			isa = PBXSourcesBuildPhase;
			buildActionMask = 2147483647;
			files = (
				03261864288249F000B3FE88 /* PreworkUITests.swift in Sources */,
				03261866288249F000B3FE88 /* PreworkUITestsLaunchTests.swift in Sources */,
			);
			runOnlyForDeploymentPostprocessing = 0;
		};
/* End PBXSourcesBuildPhase section */

/* Begin PBXTargetDependency section */
		03261857288249F000B3FE88 /* PBXTargetDependency */ = {
			isa = PBXTargetDependency;
			target = 0326183B288249EE00B3FE88 /* Prework */;
			targetProxy = 03261856288249F000B3FE88 /* PBXContainerItemProxy */;
		};
		03261861288249F000B3FE88 /* PBXTargetDependency */ = {
			isa = PBXTargetDependency;
			target = 0326183B288249EE00B3FE88 /* Prework */;
			targetProxy = 03261860288249F000B3FE88 /* PBXContainerItemProxy */;
		};
/* End PBXTargetDependency section */

/* Begin PBXVariantGroup section */
		03261845288249EE00B3FE88 /* Main.storyboard */ = {
			isa = PBXVariantGroup;
			children = (
				03261846288249EE00B3FE88 /* Base */,
			);
			name = Main.storyboard;
			sourceTree = "<group>";
		};
		0326184D288249F000B3FE88 /* LaunchScreen.storyboard */ = {
			isa = PBXVariantGroup;
			children = (
				0326184E288249F000B3FE88 /* Base */,
			);
			name = LaunchScreen.storyboard;
			sourceTree = "<group>";
		};
/* End PBXVariantGroup section */

/* Begin XCBuildConfiguration section */
		03261867288249F000B3FE88 /* Debug */ = {
			isa = XCBuildConfiguration;
			buildSettings = {
				ALWAYS_SEARCH_USER_PATHS = NO;
				CLANG_ANALYZER_NONNULL = YES;
				CLANG_ANALYZER_NUMBER_OBJECT_CONVERSION = YES_AGGRESSIVE;
				CLANG_CXX_LANGUAGE_STANDARD = "gnu++17";
				CLANG_ENABLE_MODULES = YES;
				CLANG_ENABLE_OBJC_ARC = YES;
				CLANG_ENABLE_OBJC_WEAK = YES;
				CLANG_WARN_BLOCK_CAPTURE_AUTORELEASING = YES;
				CLANG_WARN_BOOL_CONVERSION = YES;
				CLANG_WARN_COMMA = YES;
				CLANG_WARN_CONSTANT_CONVERSION = YES;
				CLANG_WARN_DEPRECATED_OBJC_IMPLEMENTATIONS = YES;
				CLANG_WARN_DIRECT_OBJC_ISA_USAGE = YES_ERROR;
				CLANG_WARN_DOCUMENTATION_COMMENTS = YES;
				CLANG_WARN_EMPTY_BODY = YES;
				CLANG_WARN_ENUM_CONVERSION = YES;
				CLANG_WARN_INFINITE_RECURSION = YES;
				CLANG_WARN_INT_CONVERSION = YES;
				CLANG_WARN_NON_LITERAL_NULL_CONVERSION = YES;
				CLANG_WARN_OBJC_IMPLICIT_RETAIN_SELF = YES;
				CLANG_WARN_OBJC_LITERAL_CONVERSION = YES;
				CLANG_WARN_OBJC_ROOT_CLASS = YES_ERROR;
				CLANG_WARN_QUOTED_INCLUDE_IN_FRAMEWORK_HEADER = YES;
				CLANG_WARN_RANGE_LOOP_ANALYSIS = YES;
				CLANG_WARN_STRICT_PROTOTYPES = YES;
				CLANG_WARN_SUSPICIOUS_MOVE = YES;
				CLANG_WARN_UNGUARDED_AVAILABILITY = YES_AGGRESSIVE;
				CLANG_WARN_UNREACHABLE_CODE = YES;
				CLANG_WARN__DUPLICATE_METHOD_MATCH = YES;
				COPY_PHASE_STRIP = NO;
				DEBUG_INFORMATION_FORMAT = dwarf;
				ENABLE_STRICT_OBJC_MSGSEND = YES;
				ENABLE_TESTABILITY = YES;
				GCC_C_LANGUAGE_STANDARD = gnu11;
				GCC_DYNAMIC_NO_PIC = NO;
				GCC_NO_COMMON_BLOCKS = YES;
				GCC_OPTIMIZATION_LEVEL = 0;
				GCC_PREPROCESSOR_DEFINITIONS = (
					"DEBUG=1",
					"$(inherited)",
				);
				GCC_WARN_64_TO_32_BIT_CONVERSION = YES;
				GCC_WARN_ABOUT_RETURN_TYPE = YES_ERROR;
				GCC_WARN_UNDECLARED_SELECTOR = YES;
				GCC_WARN_UNINITIALIZED_AUTOS = YES_AGGRESSIVE;
				GCC_WARN_UNUSED_FUNCTION = YES;
				GCC_WARN_UNUSED_VARIABLE = YES;
				IPHONEOS_DEPLOYMENT_TARGET = 15.4;
				MTL_ENABLE_DEBUG_INFO = INCLUDE_SOURCE;
				MTL_FAST_MATH = YES;
				ONLY_ACTIVE_ARCH = YES;
				SDKROOT = iphoneos;
				SWIFT_ACTIVE_COMPILATION_CONDITIONS = DEBUG;
				SWIFT_OPTIMIZATION_LEVEL = "-Onone";
			};
			name = Debug;
		};
		03261868288249F000B3FE88 /* Release */ = {
			isa = XCBuildConfiguration;
			buildSettings = {
				ALWAYS_SEARCH_USER_PATHS = NO;
				CLANG_ANALYZER_NONNULL = YES;
				CLANG_ANALYZER_NUMBER_OBJECT_CONVERSION = YES_AGGRESSIVE;
				CLANG_CXX_LANGUAGE_STANDARD = "gnu++17";
				CLANG_ENABLE_MODULES = YES;
				CLANG_ENABLE_OBJC_ARC = YES;
				CLANG_ENABLE_OBJC_WEAK = YES;
				CLANG_WARN_BLOCK_CAPTURE_AUTORELEASING = YES;
				CLANG_WARN_BOOL_CONVERSION = YES;
				CLANG_WARN_COMMA = YES;
				CLANG_WARN_CONSTANT_CONVERSION = YES;
				CLANG_WARN_DEPRECATED_OBJC_IMPLEMENTATIONS = YES;
				CLANG_WARN_DIRECT_OBJC_ISA_USAGE = YES_ERROR;
				CLANG_WARN_DOCUMENTATION_COMMENTS = YES;
				CLANG_WARN_EMPTY_BODY = YES;
				CLANG_WARN_ENUM_CONVERSION = YES;
				CLANG_WARN_INFINITE_RECURSION = YES;
				CLANG_WARN_INT_CONVERSION = YES;
				CLANG_WARN_NON_LITERAL_NULL_CONVERSION = YES;
				CLANG_WARN_OBJC_IMPLICIT_RETAIN_SELF = YES;
				CLANG_WARN_OBJC_LITERAL_CONVERSION = YES;
				CLANG_WARN_OBJC_ROOT_CLASS = YES_ERROR;
				CLANG_WARN_QUOTED_INCLUDE_IN_FRAMEWORK_HEADER = YES;
				CLANG_WARN_RANGE_LOOP_ANALYSIS = YES;
				CLANG_WARN_STRICT_PROTOTYPES = YES;
				CLANG_WARN_SUSPICIOUS_MOVE = YES;
				CLANG_WARN_UNGUARDED_AVAILABILITY = YES_AGGRESSIVE;
				CLANG_WARN_UNREACHABLE_CODE = YES;
				CLANG_WARN__DUPLICATE_METHOD_MATCH = YES;
				COPY_PHASE_STRIP = NO;
				DEBUG_INFORMATION_FORMAT = "dwarf-with-dsym";
				ENABLE_NS_ASSERTIONS = NO;
				ENABLE_STRICT_OBJC_MSGSEND = YES;
				GCC_C_LANGUAGE_STANDARD = gnu11;
				GCC_NO_COMMON_BLOCKS = YES;
				GCC_WARN_64_TO_32_BIT_CONVERSION = YES;
				GCC_WARN_ABOUT_RETURN_TYPE = YES_ERROR;
				GCC_WARN_UNDECLARED_SELECTOR = YES;
				GCC_WARN_UNINITIALIZED_AUTOS = YES_AGGRESSIVE;
				GCC_WARN_UNUSED_FUNCTION = YES;
				GCC_WARN_UNUSED_VARIABLE = YES;
				IPHONEOS_DEPLOYMENT_TARGET = 15.4;
				MTL_ENABLE_DEBUG_INFO = NO;
				MTL_FAST_MATH = YES;
				SDKROOT = iphoneos;
				SWIFT_COMPILATION_MODE = wholemodule;
				SWIFT_OPTIMIZATION_LEVEL = "-O";
				VALIDATE_PRODUCT = YES;
			};
			name = Release;
		};
		0326186A288249F000B3FE88 /* Debug */ = {
			isa = XCBuildConfiguration;
			buildSettings = {
				ASSETCATALOG_COMPILER_APPICON_NAME = AppIcon;
				ASSETCATALOG_COMPILER_GLOBAL_ACCENT_COLOR_NAME = AccentColor;
				CODE_SIGN_STYLE = Automatic;
				CURRENT_PROJECT_VERSION = 1;
				DEVELOPMENT_TEAM = 6SZXYTU8X5;
				GENERATE_INFOPLIST_FILE = YES;
				INFOPLIST_FILE = Prework/Info.plist;
				INFOPLIST_KEY_UIApplicationSupportsIndirectInputEvents = YES;
				INFOPLIST_KEY_UILaunchStoryboardName = LaunchScreen;
				INFOPLIST_KEY_UIMainStoryboardFile = Main;
				INFOPLIST_KEY_UISupportedInterfaceOrientations_iPad = "UIInterfaceOrientationPortrait UIInterfaceOrientationPortraitUpsideDown UIInterfaceOrientationLandscapeLeft UIInterfaceOrientationLandscapeRight";
				INFOPLIST_KEY_UISupportedInterfaceOrientations_iPhone = "UIInterfaceOrientationPortrait UIInterfaceOrientationLandscapeLeft UIInterfaceOrientationLandscapeRight";
				LD_RUNPATH_SEARCH_PATHS = (
					"$(inherited)",
					"@executable_path/Frameworks",
				);
				MARKETING_VERSION = 1.0;
				PRODUCT_BUNDLE_IDENTIFIER = "Melanie-Kramer.Prework";
				PRODUCT_NAME = "$(TARGET_NAME)";
				SWIFT_EMIT_LOC_STRINGS = YES;
				SWIFT_VERSION = 5.0;
				TARGETED_DEVICE_FAMILY = "1,2";
			};
			name = Debug;
		};
		0326186B288249F000B3FE88 /* Release */ = {
			isa = XCBuildConfiguration;
			buildSettings = {
				ASSETCATALOG_COMPILER_APPICON_NAME = AppIcon;
				ASSETCATALOG_COMPILER_GLOBAL_ACCENT_COLOR_NAME = AccentColor;
				CODE_SIGN_STYLE = Automatic;
				CURRENT_PROJECT_VERSION = 1;
				DEVELOPMENT_TEAM = 6SZXYTU8X5;
				GENERATE_INFOPLIST_FILE = YES;
				INFOPLIST_FILE = Prework/Info.plist;
				INFOPLIST_KEY_UIApplicationSupportsIndirectInputEvents = YES;
				INFOPLIST_KEY_UILaunchStoryboardName = LaunchScreen;
				INFOPLIST_KEY_UIMainStoryboardFile = Main;
				INFOPLIST_KEY_UISupportedInterfaceOrientations_iPad = "UIInterfaceOrientationPortrait UIInterfaceOrientationPortraitUpsideDown UIInterfaceOrientationLandscapeLeft UIInterfaceOrientationLandscapeRight";
				INFOPLIST_KEY_UISupportedInterfaceOrientations_iPhone = "UIInterfaceOrientationPortrait UIInterfaceOrientationLandscapeLeft UIInterfaceOrientationLandscapeRight";
				LD_RUNPATH_SEARCH_PATHS = (
					"$(inherited)",
					"@executable_path/Frameworks",
				);
				MARKETING_VERSION = 1.0;
				PRODUCT_BUNDLE_IDENTIFIER = "Melanie-Kramer.Prework";
				PRODUCT_NAME = "$(TARGET_NAME)";
				SWIFT_EMIT_LOC_STRINGS = YES;
				SWIFT_VERSION = 5.0;
				TARGETED_DEVICE_FAMILY = "1,2";
			};
			name = Release;
		};
		0326186D288249F000B3FE88 /* Debug */ = {
			isa = XCBuildConfiguration;
			buildSettings = {
				ALWAYS_EMBED_SWIFT_STANDARD_LIBRARIES = YES;
				BUNDLE_LOADER = "$(TEST_HOST)";
				CODE_SIGN_STYLE = Automatic;
				CURRENT_PROJECT_VERSION = 1;
				DEVELOPMENT_TEAM = 6SZXYTU8X5;
				GENERATE_INFOPLIST_FILE = YES;
				IPHONEOS_DEPLOYMENT_TARGET = 15.4;
				MARKETING_VERSION = 1.0;
				PRODUCT_BUNDLE_IDENTIFIER = "Melanie-Kramer.PreworkTests";
				PRODUCT_NAME = "$(TARGET_NAME)";
				SWIFT_EMIT_LOC_STRINGS = NO;
				SWIFT_VERSION = 5.0;
				TARGETED_DEVICE_FAMILY = "1,2";
				TEST_HOST = "$(BUILT_PRODUCTS_DIR)/Prework.app/Prework";
			};
			name = Debug;
		};
		0326186E288249F000B3FE88 /* Release */ = {
			isa = XCBuildConfiguration;
			buildSettings = {
				ALWAYS_EMBED_SWIFT_STANDARD_LIBRARIES = YES;
				BUNDLE_LOADER = "$(TEST_HOST)";
				CODE_SIGN_STYLE = Automatic;
				CURRENT_PROJECT_VERSION = 1;
				DEVELOPMENT_TEAM = 6SZXYTU8X5;
				GENERATE_INFOPLIST_FILE = YES;
				IPHONEOS_DEPLOYMENT_TARGET = 15.4;
				MARKETING_VERSION = 1.0;
				PRODUCT_BUNDLE_IDENTIFIER = "Melanie-Kramer.PreworkTests";
				PRODUCT_NAME = "$(TARGET_NAME)";
				SWIFT_EMIT_LOC_STRINGS = NO;
				SWIFT_VERSION = 5.0;
				TARGETED_DEVICE_FAMILY = "1,2";
				TEST_HOST = "$(BUILT_PRODUCTS_DIR)/Prework.app/Prework";
			};
			name = Release;
		};
		03261870288249F000B3FE88 /* Debug */ = {
			isa = XCBuildConfiguration;
			buildSettings = {
				ALWAYS_EMBED_SWIFT_STANDARD_LIBRARIES = YES;
				CODE_SIGN_STYLE = Automatic;
				CURRENT_PROJECT_VERSION = 1;
				DEVELOPMENT_TEAM = 6SZXYTU8X5;
				GENERATE_INFOPLIST_FILE = YES;
				MARKETING_VERSION = 1.0;
				PRODUCT_BUNDLE_IDENTIFIER = "Melanie-Kramer.PreworkUITests";
				PRODUCT_NAME = "$(TARGET_NAME)";
				SWIFT_EMIT_LOC_STRINGS = NO;
				SWIFT_VERSION = 5.0;
				TARGETED_DEVICE_FAMILY = "1,2";
				TEST_TARGET_NAME = Prework;
			};
			name = Debug;
		};
		03261871288249F000B3FE88 /* Release */ = {
			isa = XCBuildConfiguration;
			buildSettings = {
				ALWAYS_EMBED_SWIFT_STANDARD_LIBRARIES = YES;
				CODE_SIGN_STYLE = Automatic;
				CURRENT_PROJECT_VERSION = 1;
				DEVELOPMENT_TEAM = 6SZXYTU8X5;
				GENERATE_INFOPLIST_FILE = YES;
				MARKETING_VERSION = 1.0;
				PRODUCT_BUNDLE_IDENTIFIER = "Melanie-Kramer.PreworkUITests";
				PRODUCT_NAME = "$(TARGET_NAME)";
				SWIFT_EMIT_LOC_STRINGS = NO;
				SWIFT_VERSION = 5.0;
				TARGETED_DEVICE_FAMILY = "1,2";
				TEST_TARGET_NAME = Prework;
			};
			name = Release;
		};
/* End XCBuildConfiguration section */

/* Begin XCConfigurationList section */
		03261837288249EE00B3FE88 /* Build configuration list for PBXProject "Tip Calculator" */ = {
			isa = XCConfigurationList;
			buildConfigurations = (
				03261867288249F000B3FE88 /* Debug */,
				03261868288249F000B3FE88 /* Release */,
			);
			defaultConfigurationIsVisible = 0;
			defaultConfigurationName = Release;
		};
		03261869288249F000B3FE88 /* Build configuration list for PBXNativeTarget "Prework" */ = {
			isa = XCConfigurationList;
			buildConfigurations = (
				0326186A288249F000B3FE88 /* Debug */,
				0326186B288249F000B3FE88 /* Release */,
			);
			defaultConfigurationIsVisible = 0;
			defaultConfigurationName = Release;
		};
		0326186C288249F000B3FE88 /* Build configuration list for PBXNativeTarget "PreworkTests" */ = {
			isa = XCConfigurationList;
			buildConfigurations = (
				0326186D288249F000B3FE88 /* Debug */,
				0326186E288249F000B3FE88 /* Release */,
			);
			defaultConfigurationIsVisible = 0;
			defaultConfigurationName = Release;
		};
		0326186F288249F000B3FE88 /* Build configuration list for PBXNativeTarget "PreworkUITests" */ = {
			isa = XCConfigurationList;
			buildConfigurations = (
				03261870288249F000B3FE88 /* Debug */,
				03261871288249F000B3FE88 /* Release */,
			);
			defaultConfigurationIsVisible = 0;
			defaultConfigurationName = Release;
		};
/* End XCConfigurationList section */

/* Begin XCVersionGroup section */
		03261848288249EE00B3FE88 /* Prework.xcdatamodeld */ = {
			isa = XCVersionGroup;
			children = (
				03261849288249EE00B3FE88 /* Prework.xcdatamodel */,
			);
			currentVersion = 03261849288249EE00B3FE88 /* Prework.xcdatamodel */;
			path = Prework.xcdatamodeld;
			sourceTree = "<group>";
			versionGroupType = wrapper.xcdatamodel;
		};
/* End XCVersionGroup section */
	};
	rootObject = 03261834288249EE00B3FE88 /* Project object */;
}
